// !$*UTF8*$!
{
	archiveVersion = 1;
	classes = {
	};
	objectVersion = 55;
	objects = {

/* Begin PBXBuildFile section */
		C8ACC059280EED9000B8EF47 /* TabPlanIt.swift in Sources */ = {isa = PBXBuildFile; fileRef = C8ACC058280EED9000B8EF47 /* TabPlanIt.swift */; };
		C8ACC05B280EF0FF00B8EF47 /* ViewBackground.swift in Sources */ = {isa = PBXBuildFile; fileRef = C8ACC05A280EF0FF00B8EF47 /* ViewBackground.swift */; };
		C8ACC061280F18A400B8EF47 /* TabDoIt.swift in Sources */ = {isa = PBXBuildFile; fileRef = C8ACC060280F18A400B8EF47 /* TabDoIt.swift */; };
		C8C16AB42806DA820061D888 /* DOITNOWApp.swift in Sources */ = {isa = PBXBuildFile; fileRef = C8C16AB32806DA820061D888 /* DOITNOWApp.swift */; };
		C8C16AB62806DA820061D888 /* ContentView.swift in Sources */ = {isa = PBXBuildFile; fileRef = C8C16AB52806DA820061D888 /* ContentView.swift */; };
		C8C16AB82806DA830061D888 /* Assets.xcassets in Resources */ = {isa = PBXBuildFile; fileRef = C8C16AB72806DA830061D888 /* Assets.xcassets */; };
		C8C16ABB2806DA830061D888 /* Preview Assets.xcassets in Resources */ = {isa = PBXBuildFile; fileRef = C8C16ABA2806DA830061D888 /* Preview Assets.xcassets */; };
		C8C16AC22806E4550061D888 /* ViewTitle.swift in Sources */ = {isa = PBXBuildFile; fileRef = C8C16AC12806E4550061D888 /* ViewTitle.swift */; };
		C8C16AC42806EB0C0061D888 /* FormSubmission.swift in Sources */ = {isa = PBXBuildFile; fileRef = C8C16AC32806EB0C0061D888 /* FormSubmission.swift */; };
/* End PBXBuildFile section */

/* Begin PBXFileReference section */
		C8ACC058280EED9000B8EF47 /* TabPlanIt.swift */ = {isa = PBXFileReference; lastKnownFileType = sourcecode.swift; path = TabPlanIt.swift; sourceTree = "<group>"; };
		C8ACC05A280EF0FF00B8EF47 /* ViewBackground.swift */ = {isa = PBXFileReference; lastKnownFileType = sourcecode.swift; path = ViewBackground.swift; sourceTree = "<group>"; };
		C8ACC060280F18A400B8EF47 /* TabDoIt.swift */ = {isa = PBXFileReference; lastKnownFileType = sourcecode.swift; path = TabDoIt.swift; sourceTree = "<group>"; };
		C8C16AB02806DA820061D888 /* DOITNOW.app */ = {isa = PBXFileReference; explicitFileType = wrapper.application; includeInIndex = 0; path = DOITNOW.app; sourceTree = BUILT_PRODUCTS_DIR; };
		C8C16AB32806DA820061D888 /* DOITNOWApp.swift */ = {isa = PBXFileReference; lastKnownFileType = sourcecode.swift; path = DOITNOWApp.swift; sourceTree = "<group>"; };
		C8C16AB52806DA820061D888 /* ContentView.swift */ = {isa = PBXFileReference; lastKnownFileType = sourcecode.swift; path = ContentView.swift; sourceTree = "<group>"; };
		C8C16AB72806DA830061D888 /* Assets.xcassets */ = {isa = PBXFileReference; lastKnownFileType = folder.assetcatalog; path = Assets.xcassets; sourceTree = "<group>"; };
		C8C16ABA2806DA830061D888 /* Preview Assets.xcassets */ = {isa = PBXFileReference; lastKnownFileType = folder.assetcatalog; path = "Preview Assets.xcassets"; sourceTree = "<group>"; };
		C8C16AC12806E4550061D888 /* ViewTitle.swift */ = {isa = PBXFileReference; lastKnownFileType = sourcecode.swift; path = ViewTitle.swift; sourceTree = "<group>"; };
		C8C16AC32806EB0C0061D888 /* FormSubmission.swift */ = {isa = PBXFileReference; lastKnownFileType = sourcecode.swift; path = FormSubmission.swift; sourceTree = "<group>"; };
/* End PBXFileReference section */

/* Begin PBXFrameworksBuildPhase section */
		C8C16AAD2806DA820061D888 /* Frameworks */ = {
			isa = PBXFrameworksBuildPhase;
			buildActionMask = 2147483647;
			files = (
			);
			runOnlyForDeploymentPostprocessing = 0;
		};
/* End PBXFrameworksBuildPhase section */

/* Begin PBXGroup section */
		C8C16AA72806DA820061D888 = {
			isa = PBXGroup;
			children = (
				C8C16AB22806DA820061D888 /* DOITNOW */,
				C8C16AB12806DA820061D888 /* Products */,
			);
			sourceTree = "<group>";
		};
		C8C16AB12806DA820061D888 /* Products */ = {
			isa = PBXGroup;
			children = (
				C8C16AB02806DA820061D888 /* DOITNOW.app */,
			);
			name = Products;
			sourceTree = "<group>";
		};
		C8C16AB22806DA820061D888 /* DOITNOW */ = {
			isa = PBXGroup;
			children = (
				C8C16AB32806DA820061D888 /* DOITNOWApp.swift */,
				C8C16AB52806DA820061D888 /* ContentView.swift */,
				C8ACC060280F18A400B8EF47 /* TabDoIt.swift */,
				C8ACC058280EED9000B8EF47 /* TabPlanIt.swift */,
				C8ACC05A280EF0FF00B8EF47 /* ViewBackground.swift */,
				C8C16AC12806E4550061D888 /* ViewTitle.swift */,
				C8C16AC32806EB0C0061D888 /* FormSubmission.swift */,
				C8C16AB72806DA830061D888 /* Assets.xcassets */,
				C8C16AB92806DA830061D888 /* Preview Content */,
			);
			path = DOITNOW;
			sourceTree = "<group>";
		};
		C8C16AB92806DA830061D888 /* Preview Content */ = {
			isa = PBXGroup;
			children = (
				C8C16ABA2806DA830061D888 /* Preview Assets.xcassets */,
			);
			path = "Preview Content";
			sourceTree = "<group>";
		};
/* End PBXGroup section */

/* Begin PBXNativeTarget section */
		C8C16AAF2806DA820061D888 /* DOITNOW */ = {
			isa = PBXNativeTarget;
			buildConfigurationList = C8C16ABE2806DA830061D888 /* Build configuration list for PBXNativeTarget "DOITNOW" */;
			buildPhases = (
				C8C16AAC2806DA820061D888 /* Sources */,
				C8C16AAD2806DA820061D888 /* Frameworks */,
				C8C16AAE2806DA820061D888 /* Resources */,
			);
			buildRules = (
			);
			dependencies = (
			);
			name = DOITNOW;
			productName = DOITNOW;
			productReference = C8C16AB02806DA820061D888 /* DOITNOW.app */;
			productType = "com.apple.product-type.application";
		};
/* End PBXNativeTarget section */

/* Begin PBXProject section */
		C8C16AA82806DA820061D888 /* Project object */ = {
			isa = PBXProject;
			attributes = {
				BuildIndependentTargetsInParallel = 1;
				LastSwiftUpdateCheck = 1320;
				LastUpgradeCheck = 1320;
				TargetAttributes = {
					C8C16AAF2806DA820061D888 = {
						CreatedOnToolsVersion = 13.2.1;
					};
				};
			};
			buildConfigurationList = C8C16AAB2806DA820061D888 /* Build configuration list for PBXProject "DOITNOW" */;
			compatibilityVersion = "Xcode 13.0";
			developmentRegion = en;
			hasScannedForEncodings = 0;
			knownRegions = (
				en,
				Base,
			);
			mainGroup = C8C16AA72806DA820061D888;
			productRefGroup = C8C16AB12806DA820061D888 /* Products */;
			projectDirPath = "";
			projectRoot = "";
			targets = (
				C8C16AAF2806DA820061D888 /* DOITNOW */,
			);
		};
/* End PBXProject section */

/* Begin PBXResourcesBuildPhase section */
		C8C16AAE2806DA820061D888 /* Resources */ = {
			isa = PBXResourcesBuildPhase;
			buildActionMask = 2147483647;
			files = (
				C8C16ABB2806DA830061D888 /* Preview Assets.xcassets in Resources */,
				C8C16AB82806DA830061D888 /* Assets.xcassets in Resources */,
			);
			runOnlyForDeploymentPostprocessing = 0;
		};
/* End PBXResourcesBuildPhase section */

/* Begin PBXSourcesBuildPhase section */
		C8C16AAC2806DA820061D888 /* Sources */ = {
			isa = PBXSourcesBuildPhase;
			buildActionMask = 2147483647;
			files = (
				C8C16AB62806DA820061D888 /* ContentView.swift in Sources */,
				C8ACC061280F18A400B8EF47 /* TabDoIt.swift in Sources */,
				C8C16AC22806E4550061D888 /* ViewTitle.swift in Sources */,
				C8C16AB42806DA820061D888 /* DOITNOWApp.swift in Sources */,
				C8C16AC42806EB0C0061D888 /* FormSubmission.swift in Sources */,
				C8ACC059280EED9000B8EF47 /* TabPlanIt.swift in Sources */,
				C8ACC05B280EF0FF00B8EF47 /* ViewBackground.swift in Sources */,
			);
			runOnlyForDeploymentPostprocessing = 0;
		};
/* End PBXSourcesBuildPhase section */

/* Begin XCBuildConfiguration section */
		C8C16ABC2806DA830061D888 /* Debug */ = {
			isa = XCBuildConfiguration;
			buildSettings = {
				ALWAYS_SEARCH_USER_PATHS = NO;
				CLANG_ANALYZER_NONNULL = YES;
				CLANG_ANALYZER_NUMBER_OBJECT_CONVERSION = YES_AGGRESSIVE;
				CLANG_CXX_LANGUAGE_STANDARD = "gnu++17";
				CLANG_CXX_LIBRARY = "libc++";
				CLANG_ENABLE_MODULES = YES;
				CLANG_ENABLE_OBJC_ARC = YES;
				CLANG_ENABLE_OBJC_WEAK = YES;
				CLANG_WARN_BLOCK_CAPTURE_AUTORELEASING = YES;
				CLANG_WARN_BOOL_CONVERSION = YES;
				CLANG_WARN_COMMA = YES;
				CLANG_WARN_CONSTANT_CONVERSION = YES;
				CLANG_WARN_DEPRECATED_OBJC_IMPLEMENTATIONS = YES;
				CLANG_WARN_DIRECT_OBJC_ISA_USAGE = YES_ERROR;
				CLANG_WARN_DOCUMENTATION_COMMENTS = YES;
				CLANG_WARN_EMPTY_BODY = YES;
				CLANG_WARN_ENUM_CONVERSION = YES;
				CLANG_WARN_INFINITE_RECURSION = YES;
				CLANG_WARN_INT_CONVERSION = YES;
				CLANG_WARN_NON_LITERAL_NULL_CONVERSION = YES;
				CLANG_WARN_OBJC_IMPLICIT_RETAIN_SELF = YES;
				CLANG_WARN_OBJC_LITERAL_CONVERSION = YES;
				CLANG_WARN_OBJC_ROOT_CLASS = YES_ERROR;
				CLANG_WARN_QUOTED_INCLUDE_IN_FRAMEWORK_HEADER = YES;
				CLANG_WARN_RANGE_LOOP_ANALYSIS = YES;
				CLANG_WARN_STRICT_PROTOTYPES = YES;
				CLANG_WARN_SUSPICIOUS_MOVE = YES;
				CLANG_WARN_UNGUARDED_AVAILABILITY = YES_AGGRESSIVE;
				CLANG_WARN_UNREACHABLE_CODE = YES;
				CLANG_WARN__DUPLICATE_METHOD_MATCH = YES;
				COPY_PHASE_STRIP = NO;
				DEBUG_INFORMATION_FORMAT = dwarf;
				ENABLE_STRICT_OBJC_MSGSEND = YES;
				ENABLE_TESTABILITY = YES;
				GCC_C_LANGUAGE_STANDARD = gnu11;
				GCC_DYNAMIC_NO_PIC = NO;
				GCC_NO_COMMON_BLOCKS = YES;
				GCC_OPTIMIZATION_LEVEL = 0;
				GCC_PREPROCESSOR_DEFINITIONS = (
					"DEBUG=1",
					"$(inherited)",
				);
				GCC_WARN_64_TO_32_BIT_CONVERSION = YES;
				GCC_WARN_ABOUT_RETURN_TYPE = YES_ERROR;
				GCC_WARN_UNDECLARED_SELECTOR = YES;
				GCC_WARN_UNINITIALIZED_AUTOS = YES_AGGRESSIVE;
				GCC_WARN_UNUSED_FUNCTION = YES;
				GCC_WARN_UNUSED_VARIABLE = YES;
				IPHONEOS_DEPLOYMENT_TARGET = 15.2;
				MTL_ENABLE_DEBUG_INFO = INCLUDE_SOURCE;
				MTL_FAST_MATH = YES;
				ONLY_ACTIVE_ARCH = YES;
				SDKROOT = iphoneos;
				SWIFT_ACTIVE_COMPILATION_CONDITIONS = DEBUG;
				SWIFT_OPTIMIZATION_LEVEL = "-Onone";
			};
			name = Debug;
		};
		C8C16ABD2806DA830061D888 /* Release */ = {
			isa = XCBuildConfiguration;
			buildSettings = {
				ALWAYS_SEARCH_USER_PATHS = NO;
				CLANG_ANALYZER_NONNULL = YES;
				CLANG_ANALYZER_NUMBER_OBJECT_CONVERSION = YES_AGGRESSIVE;
				CLANG_CXX_LANGUAGE_STANDARD = "gnu++17";
				CLANG_CXX_LIBRARY = "libc++";
				CLANG_ENABLE_MODULES = YES;
				CLANG_ENABLE_OBJC_ARC = YES;
				CLANG_ENABLE_OBJC_WEAK = YES;
				CLANG_WARN_BLOCK_CAPTURE_AUTORELEASING = YES;
				CLANG_WARN_BOOL_CONVERSION = YES;
				CLANG_WARN_COMMA = YES;
				CLANG_WARN_CONSTANT_CONVERSION = YES;
				CLANG_WARN_DEPRECATED_OBJC_IMPLEMENTATIONS = YES;
				CLANG_WARN_DIRECT_OBJC_ISA_USAGE = YES_ERROR;
				CLANG_WARN_DOCUMENTATION_COMMENTS = YES;
				CLANG_WARN_EMPTY_BODY = YES;
				CLANG_WARN_ENUM_CONVERSION = YES;
				CLANG_WARN_INFINITE_RECURSION = YES;
				CLANG_WARN_INT_CONVERSION = YES;
				CLANG_WARN_NON_LITERAL_NULL_CONVERSION = YES;
				CLANG_WARN_OBJC_IMPLICIT_RETAIN_SELF = YES;
				CLANG_WARN_OBJC_LITERAL_CONVERSION = YES;
				CLANG_WARN_OBJC_ROOT_CLASS = YES_ERROR;
				CLANG_WARN_QUOTED_INCLUDE_IN_FRAMEWORK_HEADER = YES;
				CLANG_WARN_RANGE_LOOP_ANALYSIS = YES;
				CLANG_WARN_STRICT_PROTOTYPES = YES;
				CLANG_WARN_SUSPICIOUS_MOVE = YES;
				CLANG_WARN_UNGUARDED_AVAILABILITY = YES_AGGRESSIVE;
				CLANG_WARN_UNREACHABLE_CODE = YES;
				CLANG_WARN__DUPLICATE_METHOD_MATCH = YES;
				COPY_PHASE_STRIP = NO;
				DEBUG_INFORMATION_FORMAT = "dwarf-with-dsym";
				ENABLE_NS_ASSERTIONS = NO;
				ENABLE_STRICT_OBJC_MSGSEND = YES;
				GCC_C_LANGUAGE_STANDARD = gnu11;
				GCC_NO_COMMON_BLOCKS = YES;
				GCC_WARN_64_TO_32_BIT_CONVERSION = YES;
				GCC_WARN_ABOUT_RETURN_TYPE = YES_ERROR;
				GCC_WARN_UNDECLARED_SELECTOR = YES;
				GCC_WARN_UNINITIALIZED_AUTOS = YES_AGGRESSIVE;
				GCC_WARN_UNUSED_FUNCTION = YES;
				GCC_WARN_UNUSED_VARIABLE = YES;
				IPHONEOS_DEPLOYMENT_TARGET = 15.2;
				MTL_ENABLE_DEBUG_INFO = NO;
				MTL_FAST_MATH = YES;
				SDKROOT = iphoneos;
				SWIFT_COMPILATION_MODE = wholemodule;
				SWIFT_OPTIMIZATION_LEVEL = "-O";
				VALIDATE_PRODUCT = YES;
			};
			name = Release;
		};
		C8C16ABF2806DA830061D888 /* Debug */ = {
			isa = XCBuildConfiguration;
			buildSettings = {
				ASSETCATALOG_COMPILER_APPICON_NAME = AppIcon;
				ASSETCATALOG_COMPILER_GLOBAL_ACCENT_COLOR_NAME = AccentColor;
				CODE_SIGN_STYLE = Automatic;
				CURRENT_PROJECT_VERSION = 1;
				DEVELOPMENT_ASSET_PATHS = "\"DOITNOW/Preview Content\"";
				ENABLE_PREVIEWS = YES;
				GENERATE_INFOPLIST_FILE = YES;
				INFOPLIST_KEY_UIApplicationSceneManifest_Generation = YES;
				INFOPLIST_KEY_UIApplicationSupportsIndirectInputEvents = YES;
				INFOPLIST_KEY_UILaunchScreen_Generation = YES;
				INFOPLIST_KEY_UISupportedInterfaceOrientations = UIInterfaceOrientationPortrait;
				INFOPLIST_KEY_UISupportedInterfaceOrientations_iPad = "UIInterfaceOrientationPortrait UIInterfaceOrientationPortraitUpsideDown UIInterfaceOrientationLandscapeLeft UIInterfaceOrientationLandscapeRight";
				INFOPLIST_KEY_UISupportedInterfaceOrientations_iPhone = "UIInterfaceOrientationPortrait UIInterfaceOrientationLandscapeLeft UIInterfaceOrientationLandscapeRight";
				LD_RUNPATH_SEARCH_PATHS = (
					"$(inherited)",
					"@executable_path/Frameworks",
				);
				MARKETING_VERSION = 1.0;
				PRODUCT_BUNDLE_IDENTIFIER = wmin.DOITNOW;
				PRODUCT_NAME = "$(TARGET_NAME)";
				SWIFT_EMIT_LOC_STRINGS = YES;
				SWIFT_VERSION = 5.0;
				TARGETED_DEVICE_FAMILY = 1;
			};
			name = Debug;
		};
		C8C16AC02806DA830061D888 /* Release */ = {
			isa = XCBuildConfiguration;
			buildSettings = {
				ASSETCATALOG_COMPILER_APPICON_NAME = AppIcon;
				ASSETCATALOG_COMPILER_GLOBAL_ACCENT_COLOR_NAME = AccentColor;
				CODE_SIGN_STYLE = Automatic;
				CURRENT_PROJECT_VERSION = 1;
				DEVELOPMENT_ASSET_PATHS = "\"DOITNOW/Preview Content\"";
				ENABLE_PREVIEWS = YES;
				GENERATE_INFOPLIST_FILE = YES;
				INFOPLIST_KEY_UIApplicationSceneManifest_Generation = YES;
				INFOPLIST_KEY_UIApplicationSupportsIndirectInputEvents = YES;
				INFOPLIST_KEY_UILaunchScreen_Generation = YES;
				INFOPLIST_KEY_UISupportedInterfaceOrientations = UIInterfaceOrientationPortrait;
				INFOPLIST_KEY_UISupportedInterfaceOrientations_iPad = "UIInterfaceOrientationPortrait UIInterfaceOrientationPortraitUpsideDown UIInterfaceOrientationLandscapeLeft UIInterfaceOrientationLandscapeRight";
				INFOPLIST_KEY_UISupportedInterfaceOrientations_iPhone = "UIInterfaceOrientationPortrait UIInterfaceOrientationLandscapeLeft UIInterfaceOrientationLandscapeRight";
				LD_RUNPATH_SEARCH_PATHS = (
					"$(inherited)",
					"@executable_path/Frameworks",
				);
				MARKETING_VERSION = 1.0;
				PRODUCT_BUNDLE_IDENTIFIER = wmin.DOITNOW;
				PRODUCT_NAME = "$(TARGET_NAME)";
				SWIFT_EMIT_LOC_STRINGS = YES;
				SWIFT_VERSION = 5.0;
				TARGETED_DEVICE_FAMILY = 1;
			};
			name = Release;
		};
/* End XCBuildConfiguration section */

/* Begin XCConfigurationList section */
		C8C16AAB2806DA820061D888 /* Build configuration list for PBXProject "DOITNOW" */ = {
			isa = XCConfigurationList;
			buildConfigurations = (
				C8C16ABC2806DA830061D888 /* Debug */,
				C8C16ABD2806DA830061D888 /* Release */,
			);
			defaultConfigurationIsVisible = 0;
			defaultConfigurationName = Release;
		};
		C8C16ABE2806DA830061D888 /* Build configuration list for PBXNativeTarget "DOITNOW" */ = {
			isa = XCConfigurationList;
			buildConfigurations = (
				C8C16ABF2806DA830061D888 /* Debug */,
				C8C16AC02806DA830061D888 /* Release */,
			);
			defaultConfigurationIsVisible = 0;
			defaultConfigurationName = Release;
		};
/* End XCConfigurationList section */
	};
	rootObject = C8C16AA82806DA820061D888 /* Project object */;
}
